
Microsoft Visual Studio Solution File, Format Version 12.00
# Visual Studio Version 16
VisualStudioVersion = 16.0.30011.22
MinimumVisualStudioVersion = 10.0.40219.1
Project("{FAE04EC0-301F-11D3-BF4B-00C04F79EFBC}") = "demoWebOrderFood", "demoWebOrderFood\demoWebOrderFood.csproj", "{3542F0A5-78A4-425B-88FE-751CEF9F8F00}"
EndProject
Project("{FAE04EC0-301F-11D3-BF4B-00C04F79EFBC}") = "Model", "Model1\Model.csproj", "{2B979935-10DB-4935-8BEB-B313683DBA02}"
EndProject
Project("{FAE04EC0-301F-11D3-BF4B-00C04F79EFBC}") = "Common", "Common\Common.csproj", "{4481B77E-8B08-49C3-B718-4B30837B6FF8}"
EndProject
Global
	GlobalSection(SolutionConfigurationPlatforms) = preSolution
		Debug|Any CPU = Debug|Any CPU
		Release|Any CPU = Release|Any CPU
	EndGlobalSection
	GlobalSection(ProjectConfigurationPlatforms) = postSolution
		{3542F0A5-78A4-425B-88FE-751CEF9F8F00}.Debug|Any CPU.ActiveCfg = Debug|Any CPU
		{3542F0A5-78A4-425B-88FE-751CEF9F8F00}.Debug|Any CPU.Build.0 = Debug|Any CPU
		{3542F0A5-78A4-425B-88FE-751CEF9F8F00}.Release|Any CPU.ActiveCfg = Release|Any CPU
		{3542F0A5-78A4-425B-88FE-751CEF9F8F00}.Release|Any CPU.Build.0 = Release|Any CPU
		{2B979935-10DB-4935-8BEB-B313683DBA02}.Debug|Any CPU.ActiveCfg = Debug|Any CPU
		{2B979935-10DB-4935-8BEB-B313683DBA02}.Debug|Any CPU.Build.0 = Debug|Any CPU
		{2B979935-10DB-4935-8BEB-B313683DBA02}.Release|Any CPU.ActiveCfg = Release|Any CPU
		{2B979935-10DB-4935-8BEB-B313683DBA02}.Release|Any CPU.Build.0 = Release|Any CPU
		{4481B77E-8B08-49C3-B718-4B30837B6FF8}.Debug|Any CPU.ActiveCfg = Debug|Any CPU
		{4481B77E-8B08-49C3-B718-4B30837B6FF8}.Debug|Any CPU.Build.0 = Debug|Any CPU
		{4481B77E-8B08-49C3-B718-4B30837B6FF8}.Release|Any CPU.ActiveCfg = Release|Any CPU
		{4481B77E-8B08-49C3-B718-4B30837B6FF8}.Release|Any CPU.Build.0 = Release|Any CPU
	EndGlobalSection
	GlobalSection(SolutionProperties) = preSolution
		HideSolutionNode = FALSE
	EndGlobalSection
	GlobalSection(ExtensibilityGlobals) = postSolution
		SolutionGuid = {5C4B8BDC-2606-4176-9B41-5640D6BAF7B2}
	EndGlobalSection
EndGlobal
